// !$*UTF8*$!
{
	archiveVersion = 1;
	classes = {
	};
	objectVersion = 46;
	objects = {

/* Begin PBXBuildFile section */
		798849741AA7A3DD009715B6 /* AppDelegate.swift in Sources */ = {isa = PBXBuildFile; fileRef = 798849731AA7A3DD009715B6 /* AppDelegate.swift */; };
		798849761AA7A3DD009715B6 /* Images.xcassets in Resources */ = {isa = PBXBuildFile; fileRef = 798849751AA7A3DD009715B6 /* Images.xcassets */; };
		798849791AA7A3DD009715B6 /* MainMenu.xib in Resources */ = {isa = PBXBuildFile; fileRef = 798849771AA7A3DD009715B6 /* MainMenu.xib */; };
		798849851AA7A3DD009715B6 /* Physical_Exam_1_0Tests.swift in Sources */ = {isa = PBXBuildFile; fileRef = 798849841AA7A3DD009715B6 /* Physical_Exam_1_0Tests.swift */; };
/* End PBXBuildFile section */

/* Begin PBXContainerItemProxy section */
		7988497F1AA7A3DD009715B6 /* PBXContainerItemProxy */ = {
			isa = PBXContainerItemProxy;
			containerPortal = 798849661AA7A3DC009715B6 /* Project object */;
			proxyType = 1;
			remoteGlobalIDString = 7988496D1AA7A3DC009715B6;
			remoteInfo = "Physical Exam 1.0";
		};
/* End PBXContainerItemProxy section */

/* Begin PBXFileReference section */
		7988496E1AA7A3DC009715B6 /* Physical Exam 1.0.app */ = {isa = PBXFileReference; explicitFileType = wrapper.application; includeInIndex = 0; path = "Physical Exam 1.0.app"; sourceTree = BUILT_PRODUCTS_DIR; };
		798849721AA7A3DD009715B6 /* Info.plist */ = {isa = PBXFileReference; lastKnownFileType = text.plist.xml; path = Info.plist; sourceTree = "<group>"; };
		798849731AA7A3DD009715B6 /* AppDelegate.swift */ = {isa = PBXFileReference; lastKnownFileType = sourcecode.swift; path = AppDelegate.swift; sourceTree = "<group>"; };
		798849751AA7A3DD009715B6 /* Images.xcassets */ = {isa = PBXFileReference; lastKnownFileType = folder.assetcatalog; path = Images.xcassets; sourceTree = "<group>"; };
		798849781AA7A3DD009715B6 /* Base */ = {isa = PBXFileReference; lastKnownFileType = file.xib; name = Base; path = Base.lproj/MainMenu.xib; sourceTree = "<group>"; };
		7988497E1AA7A3DD009715B6 /* Physical Exam 1.0Tests.xctest */ = {isa = PBXFileReference; explicitFileType = wrapper.cfbundle; includeInIndex = 0; path = "Physical Exam 1.0Tests.xctest"; sourceTree = BUILT_PRODUCTS_DIR; };
		798849831AA7A3DD009715B6 /* Info.plist */ = {isa = PBXFileReference; lastKnownFileType = text.plist.xml; path = Info.plist; sourceTree = "<group>"; };
		798849841AA7A3DD009715B6 /* Physical_Exam_1_0Tests.swift */ = {isa = PBXFileReference; lastKnownFileType = sourcecode.swift; path = Physical_Exam_1_0Tests.swift; sourceTree = "<group>"; };
/* End PBXFileReference section */

/* Begin PBXFrameworksBuildPhase section */
		7988496B1AA7A3DC009715B6 /* Frameworks */ = {
			isa = PBXFrameworksBuildPhase;
			buildActionMask = 2147483647;
			files = (
			);
			runOnlyForDeploymentPostprocessing = 0;
		};
		7988497B1AA7A3DD009715B6 /* Frameworks */ = {
			isa = PBXFrameworksBuildPhase;
			buildActionMask = 2147483647;
			files = (
			);
			runOnlyForDeploymentPostprocessing = 0;
		};
/* End PBXFrameworksBuildPhase section */

/* Begin PBXGroup section */
		798849651AA7A3DC009715B6 = {
			isa = PBXGroup;
			children = (
				798849701AA7A3DC009715B6 /* Physical Exam 1.0 */,
				798849811AA7A3DD009715B6 /* Physical Exam 1.0Tests */,
				7988496F1AA7A3DC009715B6 /* Products */,
			);
			sourceTree = "<group>";
		};
		7988496F1AA7A3DC009715B6 /* Products */ = {
			isa = PBXGroup;
			children = (
				7988496E1AA7A3DC009715B6 /* Physical Exam 1.0.app */,
				7988497E1AA7A3DD009715B6 /* Physical Exam 1.0Tests.xctest */,
			);
			name = Products;
			sourceTree = "<group>";
		};
		798849701AA7A3DC009715B6 /* Physical Exam 1.0 */ = {
			isa = PBXGroup;
			children = (
				798849731AA7A3DD009715B6 /* AppDelegate.swift */,
				798849751AA7A3DD009715B6 /* Images.xcassets */,
				798849771AA7A3DD009715B6 /* MainMenu.xib */,
				798849711AA7A3DC009715B6 /* Supporting Files */,
			);
			path = "Physical Exam 1.0";
			sourceTree = "<group>";
		};
		798849711AA7A3DC009715B6 /* Supporting Files */ = {
			isa = PBXGroup;
			children = (
				798849721AA7A3DD009715B6 /* Info.plist */,
			);
			name = "Supporting Files";
			sourceTree = "<group>";
		};
		798849811AA7A3DD009715B6 /* Physical Exam 1.0Tests */ = {
			isa = PBXGroup;
			children = (
				798849841AA7A3DD009715B6 /* Physical_Exam_1_0Tests.swift */,
				798849821AA7A3DD009715B6 /* Supporting Files */,
			);
			path = "Physical Exam 1.0Tests";
			sourceTree = "<group>";
		};
		798849821AA7A3DD009715B6 /* Supporting Files */ = {
			isa = PBXGroup;
			children = (
				798849831AA7A3DD009715B6 /* Info.plist */,
			);
			name = "Supporting Files";
			sourceTree = "<group>";
		};
/* End PBXGroup section */

/* Begin PBXNativeTarget section */
		7988496D1AA7A3DC009715B6 /* Physical Exam 1.0 */ = {
			isa = PBXNativeTarget;
			buildConfigurationList = 798849881AA7A3DD009715B6 /* Build configuration list for PBXNativeTarget "Physical Exam 1.0" */;
			buildPhases = (
				7988496A1AA7A3DC009715B6 /* Sources */,
				7988496B1AA7A3DC009715B6 /* Frameworks */,
				7988496C1AA7A3DC009715B6 /* Resources */,
			);
			buildRules = (
			);
			dependencies = (
			);
			name = "Physical Exam 1.0";
			productName = "Physical Exam 1.0";
			productReference = 7988496E1AA7A3DC009715B6 /* Physical Exam 1.0.app */;
			productType = "com.apple.product-type.application";
		};
		7988497D1AA7A3DD009715B6 /* Physical Exam 1.0Tests */ = {
			isa = PBXNativeTarget;
			buildConfigurationList = 7988498B1AA7A3DD009715B6 /* Build configuration list for PBXNativeTarget "Physical Exam 1.0Tests" */;
			buildPhases = (
				7988497A1AA7A3DD009715B6 /* Sources */,
				7988497B1AA7A3DD009715B6 /* Frameworks */,
				7988497C1AA7A3DD009715B6 /* Resources */,
			);
			buildRules = (
			);
			dependencies = (
				798849801AA7A3DD009715B6 /* PBXTargetDependency */,
			);
			name = "Physical Exam 1.0Tests";
			productName = "Physical Exam 1.0Tests";
			productReference = 7988497E1AA7A3DD009715B6 /* Physical Exam 1.0Tests.xctest */;
			productType = "com.apple.product-type.bundle.unit-test";
		};
/* End PBXNativeTarget section */

/* Begin PBXProject section */
		798849661AA7A3DC009715B6 /* Project object */ = {
			isa = PBXProject;
			attributes = {
				LastUpgradeCheck = 0610;
				ORGANIZATIONNAME = "Fulgent Wake";
				TargetAttributes = {
					7988496D1AA7A3DC009715B6 = {
						CreatedOnToolsVersion = 6.1.1;
					};
					7988497D1AA7A3DD009715B6 = {
						CreatedOnToolsVersion = 6.1.1;
						TestTargetID = 7988496D1AA7A3DC009715B6;
					};
				};
			};
			buildConfigurationList = 798849691AA7A3DC009715B6 /* Build configuration list for PBXProject "Physical Exam 1.0" */;
			compatibilityVersion = "Xcode 3.2";
			developmentRegion = English;
			hasScannedForEncodings = 0;
			knownRegions = (
				en,
				Base,
			);
			mainGroup = 798849651AA7A3DC009715B6;
			productRefGroup = 7988496F1AA7A3DC009715B6 /* Products */;
			projectDirPath = "";
			projectRoot = "";
			targets = (
				7988496D1AA7A3DC009715B6 /* Physical Exam 1.0 */,
				7988497D1AA7A3DD009715B6 /* Physical Exam 1.0Tests */,
			);
		};
/* End PBXProject section */

/* Begin PBXResourcesBuildPhase section */
		7988496C1AA7A3DC009715B6 /* Resources */ = {
			isa = PBXResourcesBuildPhase;
			buildActionMask = 2147483647;
			files = (
				798849761AA7A3DD009715B6 /* Images.xcassets in Resources */,
				798849791AA7A3DD009715B6 /* MainMenu.xib in Resources */,
			);
			runOnlyForDeploymentPostprocessing = 0;
		};
		7988497C1AA7A3DD009715B6 /* Resources */ = {
			isa = PBXResourcesBuildPhase;
			buildActionMask = 2147483647;
			files = (
			);
			runOnlyForDeploymentPostprocessing = 0;
		};
/* End PBXResourcesBuildPhase section */

/* Begin PBXSourcesBuildPhase section */
		7988496A1AA7A3DC009715B6 /* Sources */ = {
			isa = PBXSourcesBuildPhase;
			buildActionMask = 2147483647;
			files = (
				798849741AA7A3DD009715B6 /* AppDelegate.swift in Sources */,
			);
			runOnlyForDeploymentPostprocessing = 0;
		};
		7988497A1AA7A3DD009715B6 /* Sources */ = {
			isa = PBXSourcesBuildPhase;
			buildActionMask = 2147483647;
			files = (
				798849851AA7A3DD009715B6 /* Physical_Exam_1_0Tests.swift in Sources */,
			);
			runOnlyForDeploymentPostprocessing = 0;
		};
/* End PBXSourcesBuildPhase section */

/* Begin PBXTargetDependency section */
		798849801AA7A3DD009715B6 /* PBXTargetDependency */ = {
			isa = PBXTargetDependency;
			target = 7988496D1AA7A3DC009715B6 /* Physical Exam 1.0 */;
			targetProxy = 7988497F1AA7A3DD009715B6 /* PBXContainerItemProxy */;
		};
/* End PBXTargetDependency section */

/* Begin PBXVariantGroup section */
		798849771AA7A3DD009715B6 /* MainMenu.xib */ = {
			isa = PBXVariantGroup;
			children = (
				798849781AA7A3DD009715B6 /* Base */,
			);
			name = MainMenu.xib;
			sourceTree = "<group>";
		};
/* End PBXVariantGroup section */

/* Begin XCBuildConfiguration section */
		798849861AA7A3DD009715B6 /* Debug */ = {
			isa = XCBuildConfiguration;
			buildSettings = {
				ALWAYS_SEARCH_USER_PATHS = NO;
				CLANG_CXX_LANGUAGE_STANDARD = "gnu++0x";
				CLANG_CXX_LIBRARY = "libc++";
				CLANG_ENABLE_MODULES = YES;
				CLANG_ENABLE_OBJC_ARC = YES;
				CLANG_WARN_BOOL_CONVERSION = YES;
				CLANG_WARN_CONSTANT_CONVERSION = YES;
				CLANG_WARN_DIRECT_OBJC_ISA_USAGE = YES_ERROR;
				CLANG_WARN_EMPTY_BODY = YES;
				CLANG_WARN_ENUM_CONVERSION = YES;
				CLANG_WARN_INT_CONVERSION = YES;
				CLANG_WARN_OBJC_ROOT_CLASS = YES_ERROR;
				CLANG_WARN_UNREACHABLE_CODE = YES;
				CLANG_WARN__DUPLICATE_METHOD_MATCH = YES;
				CODE_SIGN_IDENTITY = "-";
				COPY_PHASE_STRIP = NO;
				ENABLE_STRICT_OBJC_MSGSEND = YES;
				GCC_C_LANGUAGE_STANDARD = gnu99;
				GCC_DYNAMIC_NO_PIC = NO;
				GCC_OPTIMIZATION_LEVEL = 0;
				GCC_PREPROCESSOR_DEFINITIONS = (
					"DEBUG=1",
					"$(inherited)",
				);
				GCC_SYMBOLS_PRIVATE_EXTERN = NO;
				GCC_WARN_64_TO_32_BIT_CONVERSION = YES;
				GCC_WARN_ABOUT_RETURN_TYPE = YES_ERROR;
				GCC_WARN_UNDECLARED_SELECTOR = YES;
				GCC_WARN_UNINITIALIZED_AUTOS = YES_AGGRESSIVE;
				GCC_WARN_UNUSED_FUNCTION = YES;
				GCC_WARN_UNUSED_VARIABLE = YES;
				MACOSX_DEPLOYMENT_TARGET = 10.10;
				MTL_ENABLE_DEBUG_INFO = YES;
				ONLY_ACTIVE_ARCH = YES;
				SDKROOT = macosx;
				SWIFT_OPTIMIZATION_LEVEL = "-Onone";
			};
			name = Debug;
		};
		798849871AA7A3DD009715B6 /* Release */ = {
			isa = XCBuildConfiguration;
			buildSettings = {
				ALWAYS_SEARCH_USER_PATHS = NO;
				CLANG_CXX_LANGUAGE_STANDARD = "gnu++0x";
				CLANG_CXX_LIBRARY = "libc++";
				CLANG_ENABLE_MODULES = YES;
				CLANG_ENABLE_OBJC_ARC = YES;
				CLANG_WARN_BOOL_CONVERSION = YES;
				CLANG_WARN_CONSTANT_CONVERSION = YES;
				CLANG_WARN_DIRECT_OBJC_ISA_USAGE = YES_ERROR;
				CLANG_WARN_EMPTY_BODY = YES;
				CLANG_WARN_ENUM_CONVERSION = YES;
				CLANG_WARN_INT_CONVERSION = YES;
				CLANG_WARN_OBJC_ROOT_CLASS = YES_ERROR;
				CLANG_WARN_UNREACHABLE_CODE = YES;
				CLANG_WARN__DUPLICATE_METHOD_MATCH = YES;
				CODE_SIGN_IDENTITY = "-";
				COPY_PHASE_STRIP = YES;
				DEBUG_INFORMATION_FORMAT = "dwarf-with-dsym";
				ENABLE_NS_ASSERTIONS = NO;
				ENABLE_STRICT_OBJC_MSGSEND = YES;
				GCC_C_LANGUAGE_STANDARD = gnu99;
				GCC_WARN_64_TO_32_BIT_CONVERSION = YES;
				GCC_WARN_ABOUT_RETURN_TYPE = YES_ERROR;
				GCC_WARN_UNDECLARED_SELECTOR = YES;
				GCC_WARN_UNINITIALIZED_AUTOS = YES_AGGRESSIVE;
				GCC_WARN_UNUSED_FUNCTION = YES;
				GCC_WARN_UNUSED_VARIABLE = YES;
				MACOSX_DEPLOYMENT_TARGET = 10.10;
				MTL_ENABLE_DEBUG_INFO = NO;
				SDKROOT = macosx;
			};
			name = Release;
		};
		798849891AA7A3DD009715B6 /* Debug */ = {
			isa = XCBuildConfiguration;
			buildSettings = {
				ASSETCATALOG_COMPILER_APPICON_NAME = AppIcon;
				COMBINE_HIDPI_IMAGES = YES;
				INFOPLIST_FILE = "Physical Exam 1.0/Info.plist";
				LD_RUNPATH_SEARCH_PATHS = "$(inherited) @executable_path/../Frameworks";
				PRODUCT_NAME = "$(TARGET_NAME)";
			};
			name = Debug;
		};
		7988498A1AA7A3DD009715B6 /* Release */ = {
			isa = XCBuildConfiguration;
			buildSettings = {
				ASSETCATALOG_COMPILER_APPICON_NAME = AppIcon;
				COMBINE_HIDPI_IMAGES = YES;
				INFOPLIST_FILE = "Physical Exam 1.0/Info.plist";
				LD_RUNPATH_SEARCH_PATHS = "$(inherited) @executable_path/../Frameworks";
				PRODUCT_NAME = "$(TARGET_NAME)";
			};
			name = Release;
		};
		7988498C1AA7A3DD009715B6 /* Debug */ = {
			isa = XCBuildConfiguration;
			buildSettings = {
				BUNDLE_LOADER = "$(TEST_HOST)";
				COMBINE_HIDPI_IMAGES = YES;
				FRAMEWORK_SEARCH_PATHS = (
					"$(DEVELOPER_FRAMEWORKS_DIR)",
					"$(inherited)",
				);
				GCC_PREPROCESSOR_DEFINITIONS = (
					"DEBUG=1",
					"$(inherited)",
				);
				INFOPLIST_FILE = "Physical Exam 1.0Tests/Info.plist";
				LD_RUNPATH_SEARCH_PATHS = "$(inherited) @executable_path/../Frameworks @loader_path/../Frameworks";
				PRODUCT_NAME = "$(TARGET_NAME)";
				TEST_HOST = "$(BUILT_PRODUCTS_DIR)/Physical Exam 1.0.app/Contents/MacOS/Physical Exam 1.0";
			};
			name = Debug;
		};
		7988498D1AA7A3DD009715B6 /* Release */ = {
			isa = XCBuildConfiguration;
			buildSettings = {
				BUNDLE_LOADER = "$(TEST_HOST)";
				COMBINE_HIDPI_IMAGES = YES;
				FRAMEWORK_SEARCH_PATHS = (
					"$(DEVELOPER_FRAMEWORKS_DIR)",
					"$(inherited)",
				);
				INFOPLIST_FILE = "Physical Exam 1.0Tests/Info.plist";
				LD_RUNPATH_SEARCH_PATHS = "$(inherited) @executable_path/../Frameworks @loader_path/../Frameworks";
				PRODUCT_NAME = "$(TARGET_NAME)";
				TEST_HOST = "$(BUILT_PRODUCTS_DIR)/Physical Exam 1.0.app/Contents/MacOS/Physical Exam 1.0";
			};
			name = Release;
		};
/* End XCBuildConfiguration section */

/* Begin XCConfigurationList section */
		798849691AA7A3DC009715B6 /* Build configuration list for PBXProject "Physical Exam 1.0" */ = {
			isa = XCConfigurationList;
			buildConfigurations = (
				798849861AA7A3DD009715B6 /* Debug */,
				798849871AA7A3DD009715B6 /* Release */,
			);
			defaultConfigurationIsVisible = 0;
			defaultConfigurationName = Release;
		};
		798849881AA7A3DD009715B6 /* Build configuration list for PBXNativeTarget "Physical Exam 1.0" */ = {
			isa = XCConfigurationList;
			buildConfigurations = (
				798849891AA7A3DD009715B6 /* Debug */,
				7988498A1AA7A3DD009715B6 /* Release */,
			);
			defaultConfigurationIsVisible = 0;
		};
		7988498B1AA7A3DD009715B6 /* Build configuration list for PBXNativeTarget "Physical Exam 1.0Tests" */ = {
			isa = XCConfigurationList;
			buildConfigurations = (
				7988498C1AA7A3DD009715B6 /* Debug */,
				7988498D1AA7A3DD009715B6 /* Release */,
			);
			defaultConfigurationIsVisible = 0;
		};
/* End XCConfigurationList section */
	};
	rootObject = 798849661AA7A3DC009715B6 /* Project object */;
}
